{
  "name": "conta_web_assets",
  "lockfileVersion": 3,
  "requires": true,
  "packages": {
    "": {
      "name": "conta_web_assets",
      "dependencies": {
        "monaco-editor": "^0.52.0"
      }
    },
    "node_modules/monaco-editor": {
      "version": "0.52.2",
      "resolved": "https://registry.npmjs.org/monaco-editor/-/monaco-editor-0.52.2.tgz",
      "integrity": "sha512-GEQWEZmfkOGLdd3XK8ryrfWz3AIP8YymVXiPHEdewrUq7mh0qrKrfHLNCXcbB6sTnMLnOZ3ztSiKcciFUkIJwQ==",
      "license": "MIT"
    }
  }
}
